PODS:
  - Capacitor (8.5.0):
    - CapacitorCordova
  - CapacitorCordova (8.5.0)
  - CordovaPluginsStatic (8.5.0):
    - CapacitorCordova
    - Purchasely (= 6.0.0)
  - Purchasely (6.0.0)

DEPENDENCIES:
  - "Capacitor (from `../../node_modules/@capacitor/ios`)"
  - "CapacitorCordova (from `../../node_modules/@capacitor/ios`)"
  - CordovaPluginsStatic (from `../capacitor-cordova-ios-plugins`)

SPEC REPOS:
  trunk:
    - Purchasely

EXTERNAL SOURCES:
  Capacitor:
    :path: "../../node_modules/@capacitor/ios"
  CapacitorCordova:
    :path: "../../node_modules/@capacitor/ios"
  CordovaPluginsStatic:
    :path: "../capacitor-cordova-ios-plugins"

SPEC CHECKSUMS:
  Capacitor: 00b87168591cc006ea6f5c0de681ec5c39a2c8eb
  CapacitorCordova: 9d3acbb574048e7167d2af127a0af2123e619f2f
  CordovaPluginsStatic: fc1148518d641d7057afe2ff8971d01a25d693a6
  Purchasely: 4309bcf9d139c40dcad8ebe3d93751c8d6ae02cd

PODFILE CHECKSUM: 33aac464b4cdcdd28038ba37d25ad31455fab4c0

COCOAPODS: 1.17.0
