{
  "originHash" : "3ba524fa908060899aaca520137f31eac361658009348131cd74de4f144ab7a1",
  "pins" : [
    {
      "identity" : "capacitor-swift-pm",
      "kind" : "remoteSourceControl",
      "location" : "https://github.com/ionic-team/capacitor-swift-pm.git",
      "state" : {
        "revision" : "4f71d0b979f2f957326f04353eca7604ee937e1e",
        "version" : "8.5.0"
      }
    },
    {
      "identity" : "purchasely-ios",
      "kind" : "remoteSourceControl",
      "location" : "https://github.com/Purchasely/Purchasely-iOS.git",
      "state" : {
        "revision" : "656626ce6113a478663692d53434337debde97b6",
        "version" : "6.1.2"
      }
    }
  ],
  "version" : 3
}
