{
  "originHash" : "f21dc33b5a52e8b278691dccd3c62ad2257b1619b8f5da8208bf5d97a6572df4",
  "pins" : [
    {
      "identity" : "capacitor-swift-pm",
      "kind" : "remoteSourceControl",
      "location" : "https://github.com/ionic-team/capacitor-swift-pm.git",
      "state" : {
        "revision" : "4f71d0b979f2f957326f04353eca7604ee937e1e",
        "version" : "8.5.0"
      }
    },
    {
      "identity" : "purchasely-ios",
      "kind" : "remoteSourceControl",
      "location" : "https://github.com/Purchasely/Purchasely-iOS.git",
      "state" : {
        "revision" : "ee04d65d87055778a91cb27ffc95b45476c93d5a",
        "version" : "6.0.0"
      }
    }
  ],
  "version" : 3
}
